github.com/Financial-Times/go-fthealth v0.0.0-20171204124831-1b007e2b37b7 h1:dkf1EOTiHXA2lG2EJuePEim6y0HEOPt0hcqsT/qUr/k=
github.com/Financial-Times/go-fthealth v0.0.0-20171204124831-1b007e2b37b7/go.mod h1:gpAzq6W5rCheYlY32JOIxS/VjVcYHbC2PkMzQngHT9c=
github.com/Financial-Times/go-logger v0.0.0-20180323124113-febee6537e90 h1:U7wPaeMESlG0WVwOobaw4qv6I6s9F8b0SdmJKH3Vh6A=
github.com/Financial-Times/go-logger v0.0.0-20180323124113-febee6537e90/go.mod h1:NI4Dg39A21H57YC2nG8C42C6ENz/YVsI0jMQWngJzR0=
github.com/Financial-Times/message-queue-go-producer v0.1.1-0.20170622111849-0bb065111416 h1:7qa+AbW0xYSUhqzUtWgYN9JFva9CqsKy1A0lNs3WpYI=
github.com/Financial-Times/message-queue-go-producer v0.1.1-0.20170622111849-0bb065111416/go.mod h1:1mfkRkBPglgCeE8w0gzoC4ujulQAqWfMKVCIdR+2svQ=
github.com/Financial-Times/service-status-go v0.0.0-20160323111542-3f5199736a3d h1:USNBTIof6vWGM49SYrxvC5Y8NqyDL3YuuYmID81ORZQ=
github.com/Financial-Times/service-status-go v0.0.0-20160323111542-3f5199736a3d/go.mod h1:7zULC9rrq6KxFkpB3Y5zNVaEwrf1g2m3dvXJBPDXyvM=
github.com/Financial-Times/transactionid-utils-go v0.2.0 h1:YcET5Hd1fUGWWpQSVszYUlAc15ca8tmjRetUuQKRqEQ=
github.com/Financial-Times/transactionid-utils-go v0.2.0/go.mod h1:tPAcAFs/dR6Q7hBDGNyUyixHRvg/n9NW/JTq8C58oZ0=
github.com/Financial-Times/uuid-utils-go v0.0.0-20170516110427-e22658edd0f1 h1:FXM7cqqPyGh2QZ8BRJA16Gr65/+/91KEFSPKyRM+Nd8=
github.com/Financial-Times/uuid-utils-go v0.0.0-20170516110427-e22658edd0f1/go.mod h1:i62wLwNq+NmRCQpZS5BLTKsOVYsTOxs9bSx7FgtxXwM=
github.com/Workiva/go-datastructures v1.0.43 h1:PAzvm/sZzqX50iy+LF+sNKgDCIFZPDPDNMOha7nY7Po=
github.com/Workiva/go-datastructures v1.0.43/go.mod h1:Z+F2Rca0qCsVYDS8z7bAGm8f3UkzuWYS/oBZz5a7VVA=
github.com/davecgh/go-spew v1.0.1-0.20161028175848-04cdfd42973b h1:G+M1PNsE5dtyVzld3c5v1NFxa9lZLKPSnEehCe2FVEI=
github.com/davecgh/go-spew v1.0.1-0.20161028175848-04cdfd42973b/go.mod h1:J7Y8YcW2NihsgmVo/mv3lAwl/skON4iLHjSsI+c5H38=
github.com/gorilla/context v1.1.1/go.mod h1:kBGZzfjB9CEq2AlWe17Uuf7NDRt0dE0s8S51q0aT7Yg=
github.com/gorilla/handlers v1.2.1 h1:IW0s9JrxTVsutEp77dGDlBv+PZnW6HKse4TrzJ0b+8g=
github.com/gorilla/handlers v1.2.1/go.mod h1:Qkdc/uu4tH4g6mTK6auzZ766c4CA0Ng8+o/OAirnOIQ=
github.com/gorilla/mux v1.4.1-0.20170524010104-043ee6597c29 h1:NtqwqlshtdtTkC3nFy5SdTCI+cSrwlcrS/gJsUt/at0=
github.com/gorilla/mux v1.4.1-0.20170524010104-043ee6597c29/go.mod h1:1lud6UwP+6orDFRuTfBEV8e9/aOM/c4fVVCaMa2zaAs=
github.com/hashicorp/go-version v0.0.0-20170202080759-03c5bf6be031 h1:c3Xdf5fTpk+hqhxqCO+ymqjfUXV9+GZqNgTtlnVzDos=
github.com/hashicorp/go-version v0.0.0-20170202080759-03c5bf6be031/go.mod h1:fltr4n8CU8Ke44wwGCBoEymUuxUHl09ZGVZPK5anwXA=
github.com/jawher/mow.cli v0.0.0-20170430135212-8327d12beb75 h1:/reuM6ZouMUJRt1bl3oHOPWWnpGTILV+nkCnsd8OjFE=
github.com/jawher/mow.cli v0.0.0-20170430135212-8327d12beb75/go.mod h1:5hQj2V8g+qYmLUVWqu4Wuja1pI57M83EChYLVZ0sMKk=
github.com/pmezard/go-difflib v0.0.0-20151028094244-d8ed2627bdf0 h1:GD+A8+e+wFkqje55/2fOVnZPkoDIu1VooBWfNrnY8Uo=
github.com/pmezard/go-difflib v0.0.0-20151028094244-d8ed2627bdf0/go.mod h1:iKH77koFhYxTK1pcRnkKkqfTogsbg7gZNVY4sRDYZ/4=
github.com/satori/go.uuid v1.1.1-0.20170321230731-5bf94b69c6b6 h1:oZag5hylqWwZrDdj/laMwWQnXaeWBQf66qm4PGQI6Wc=
github.com/satori/go.uuid v1.1.1-0.20170321230731-5bf94b69c6b6/go.mod h1:dA0hQrYB0VpLJoorglMZABFdXlWrHn1NEOzdhQKdks0=
github.com/sirupsen/logrus v1.0.5 h1:8c8b5uO0zS4X6RPl/sd1ENwSkIc0/H2PaHxE3udaE8I=
github.com/sirupsen/logrus v1.0.5/go.mod h1:pMByvHTf9Beacp5x1UXfOR9xyW/9antXMhjMPG0dEzc=
github.com/stretchr/objx v0.0.0-20140526180921-cbeaeb16a013 h1:lg5xphrNMF4T2GfLhtXOhFrTn5ZmPRUOWXvCLOattFY=
github.com/stretchr/objx v0.0.0-20140526180921-cbeaeb16a013/go.mod h1:HFkY916IF+rwdDfMAkV7OtwuqBVzrE8GR6GFx+wExME=
github.com/stretchr/testify v1.1.5-0.20170526065633-eb84487caee2 h1:PGpBx8w5Kct9+HTOYYmguPoJJ8Z/btQwN2v+tucSnxc=
github.com/stretchr/testify v1.1.5-0.20170526065633-eb84487caee2/go.mod h1:a8OnRcib4nhh0OaRAV+Yts87kKdq0PP7pXfy6kDkUVs=
github.com/willf/bitset v1.0.1-0.20161202170036-5c3c0fce4884 h1:tFQJaPzUsI/N0zuUIq+WU35Xtp55nPZtsxxGoTC+rjM=
github.com/willf/bitset v1.0.1-0.20161202170036-5c3c0fce4884/go.mod h1:RjeCKbqT1RxIR/KWY6phxZiaY1IyutSBfGjNPySAYV4=
golang.org/x/crypto v0.0.0-20190123085648-057139ce5d2b h1:Elez2XeF2p9uyVj0yEUDqQ56NFcDtcBNkYP7yv8YbUE=
golang.org/x/crypto v0.0.0-20190123085648-057139ce5d2b/go.mod h1:6SG95UA2DQfeDnfUPMdvaQW0Q7yPrPDi9nlGo2tz2b4=
golang.org/x/net v0.0.0-20170526032746-b8b13433cc99 h1:0zInftQQDFeyrIGjfufBRXkegGxWrjBYMXKqnD92ouM=
golang.org/x/net v0.0.0-20170526032746-b8b13433cc99/go.mod h1:mL1N/T3taQHkDXs73rZJwtUhF3w3ftmwwsq0BUmARs4=
golang.org/x/sys v0.0.0-20170927054621-314a259e304f h1:iUy6hSM2lPBGm2d9HgXq1GqYPwcJvA8ihnWauXggYMs=
golang.org/x/sys v0.0.0-20170927054621-314a259e304f/go.mod h1:STP8DvDyc/dI5b8T5hshtkjS+E42TnysNCUPdjciGhY=
